
Microsoft Visual Studio Solution File, Format Version 12.00
# Visual Studio Version 17
VisualStudioVersion = 17.4.33110.190
MinimumVisualStudioVersion = 10.0.40219.1
Project("{9A19103F-16F7-4668-BE54-9A1E7A4F7556}") = "triangle", "triangle\triangle.csproj", "{781A2185-E23E-4BB4-8731-7411E9BDFA2D}"
EndProject
Project("{9A19103F-16F7-4668-BE54-9A1E7A4F7556}") = "ConsoleTestTriangle", "ConsoleTestTriangle\ConsoleTestTriangle.csproj", "{2173B3AA-8169-4C41-8E30-6B7093F5C3FA}"
EndProject
Project("{9A19103F-16F7-4668-BE54-9A1E7A4F7556}") = "Phars", "Phars\Phars.csproj", "{D83AF537-69F5-49B7-841D-D051C9C6B2F8}"
EndProject
Project("{2150E333-8FDC-42A3-9474-1A3956D46DE8}") = "ApiTest", "ApiTest", "{200BFBDA-2EFD-4C5F-B765-B5A795223C17}"
EndProject
Project("{9A19103F-16F7-4668-BE54-9A1E7A4F7556}") = "API", "ApiTest\API\API.csproj", "{E473DC5D-ABE1-46AB-A2C3-C00ADF12021E}"
EndProject
Project("{9A19103F-16F7-4668-BE54-9A1E7A4F7556}") = "TestApi", "TestApi\TestApi.csproj", "{FC3ADA60-E4EC-4EE4-9154-3A4C9FD06112}"
EndProject
Global
	GlobalSection(SolutionConfigurationPlatforms) = preSolution
		Debug|Any CPU = Debug|Any CPU
		Release|Any CPU = Release|Any CPU
	EndGlobalSection
	GlobalSection(ProjectConfigurationPlatforms) = postSolution
		{781A2185-E23E-4BB4-8731-7411E9BDFA2D}.Debug|Any CPU.ActiveCfg = Debug|Any CPU
		{781A2185-E23E-4BB4-8731-7411E9BDFA2D}.Debug|Any CPU.Build.0 = Debug|Any CPU
		{781A2185-E23E-4BB4-8731-7411E9BDFA2D}.Release|Any CPU.ActiveCfg = Release|Any CPU
		{781A2185-E23E-4BB4-8731-7411E9BDFA2D}.Release|Any CPU.Build.0 = Release|Any CPU
		{2173B3AA-8169-4C41-8E30-6B7093F5C3FA}.Debug|Any CPU.ActiveCfg = Debug|Any CPU
		{2173B3AA-8169-4C41-8E30-6B7093F5C3FA}.Debug|Any CPU.Build.0 = Debug|Any CPU
		{2173B3AA-8169-4C41-8E30-6B7093F5C3FA}.Release|Any CPU.ActiveCfg = Release|Any CPU
		{2173B3AA-8169-4C41-8E30-6B7093F5C3FA}.Release|Any CPU.Build.0 = Release|Any CPU
		{D83AF537-69F5-49B7-841D-D051C9C6B2F8}.Debug|Any CPU.ActiveCfg = Debug|Any CPU
		{D83AF537-69F5-49B7-841D-D051C9C6B2F8}.Debug|Any CPU.Build.0 = Debug|Any CPU
		{D83AF537-69F5-49B7-841D-D051C9C6B2F8}.Release|Any CPU.ActiveCfg = Release|Any CPU
		{D83AF537-69F5-49B7-841D-D051C9C6B2F8}.Release|Any CPU.Build.0 = Release|Any CPU
		{E473DC5D-ABE1-46AB-A2C3-C00ADF12021E}.Debug|Any CPU.ActiveCfg = Debug|Any CPU
		{E473DC5D-ABE1-46AB-A2C3-C00ADF12021E}.Debug|Any CPU.Build.0 = Debug|Any CPU
		{E473DC5D-ABE1-46AB-A2C3-C00ADF12021E}.Release|Any CPU.ActiveCfg = Release|Any CPU
		{E473DC5D-ABE1-46AB-A2C3-C00ADF12021E}.Release|Any CPU.Build.0 = Release|Any CPU
		{FC3ADA60-E4EC-4EE4-9154-3A4C9FD06112}.Debug|Any CPU.ActiveCfg = Debug|Any CPU
		{FC3ADA60-E4EC-4EE4-9154-3A4C9FD06112}.Debug|Any CPU.Build.0 = Debug|Any CPU
		{FC3ADA60-E4EC-4EE4-9154-3A4C9FD06112}.Release|Any CPU.ActiveCfg = Release|Any CPU
		{FC3ADA60-E4EC-4EE4-9154-3A4C9FD06112}.Release|Any CPU.Build.0 = Release|Any CPU
	EndGlobalSection
	GlobalSection(SolutionProperties) = preSolution
		HideSolutionNode = FALSE
	EndGlobalSection
	GlobalSection(NestedProjects) = preSolution
		{E473DC5D-ABE1-46AB-A2C3-C00ADF12021E} = {200BFBDA-2EFD-4C5F-B765-B5A795223C17}
		{FC3ADA60-E4EC-4EE4-9154-3A4C9FD06112} = {200BFBDA-2EFD-4C5F-B765-B5A795223C17}
	EndGlobalSection
	GlobalSection(ExtensibilityGlobals) = postSolution
		SolutionGuid = {6B28FDA1-19F4-4C96-A26E-C0D9327B036B}
	EndGlobalSection
EndGlobal
